
Microsoft Visual Studio Solution File, Format Version 12.00
# Visual Studio Version 17
VisualStudioVersion = 17.5.33502.453
MinimumVisualStudioVersion = 10.0.40219.1
Project("{9A19103F-16F7-4668-BE54-9A1E7A4F7556}") = "game-maps", "game-maps\game-maps.csproj", "{2C9022C0-5576-4E0E-A722-8631F54271E6}"
EndProject
Project("{9A19103F-16F7-4668-BE54-9A1E7A4F7556}") = "game-maps.Core", "game-maps.Core\game-maps.Core.csproj", "{214D60FA-937B-458B-BE80-1825D6C3B98C}"
EndProject
Project("{9A19103F-16F7-4668-BE54-9A1E7A4F7556}") = "game-maps.Infrastructure", "game-maps.Infrastructure\game-maps.Infrastructure.csproj", "{74BC7646-5318-4BC9-A1EA-3EBB3FE21BB1}"
EndProject
Project("{FAE04EC0-301F-11D3-BF4B-00C04F79EFBC}") = "game-maps.Application", "game-maps.Application\game-maps.Application.csproj", "{684A7167-95F9-4CFD-A57D-93D97993FD09}"
EndProject
Global
	GlobalSection(SolutionConfigurationPlatforms) = preSolution
		Debug|Any CPU = Debug|Any CPU
		Release|Any CPU = Release|Any CPU
	EndGlobalSection
	GlobalSection(ProjectConfigurationPlatforms) = postSolution
		{2C9022C0-5576-4E0E-A722-8631F54271E6}.Debug|Any CPU.ActiveCfg = Debug|Any CPU
		{2C9022C0-5576-4E0E-A722-8631F54271E6}.Debug|Any CPU.Build.0 = Debug|Any CPU
		{2C9022C0-5576-4E0E-A722-8631F54271E6}.Release|Any CPU.ActiveCfg = Release|Any CPU
		{2C9022C0-5576-4E0E-A722-8631F54271E6}.Release|Any CPU.Build.0 = Release|Any CPU
		{214D60FA-937B-458B-BE80-1825D6C3B98C}.Debug|Any CPU.ActiveCfg = Debug|Any CPU
		{214D60FA-937B-458B-BE80-1825D6C3B98C}.Debug|Any CPU.Build.0 = Debug|Any CPU
		{214D60FA-937B-458B-BE80-1825D6C3B98C}.Release|Any CPU.ActiveCfg = Release|Any CPU
		{214D60FA-937B-458B-BE80-1825D6C3B98C}.Release|Any CPU.Build.0 = Release|Any CPU
		{74BC7646-5318-4BC9-A1EA-3EBB3FE21BB1}.Debug|Any CPU.ActiveCfg = Debug|Any CPU
		{74BC7646-5318-4BC9-A1EA-3EBB3FE21BB1}.Debug|Any CPU.Build.0 = Debug|Any CPU
		{74BC7646-5318-4BC9-A1EA-3EBB3FE21BB1}.Release|Any CPU.ActiveCfg = Release|Any CPU
		{74BC7646-5318-4BC9-A1EA-3EBB3FE21BB1}.Release|Any CPU.Build.0 = Release|Any CPU
		{684A7167-95F9-4CFD-A57D-93D97993FD09}.Debug|Any CPU.ActiveCfg = Debug|Any CPU
		{684A7167-95F9-4CFD-A57D-93D97993FD09}.Debug|Any CPU.Build.0 = Debug|Any CPU
		{684A7167-95F9-4CFD-A57D-93D97993FD09}.Release|Any CPU.ActiveCfg = Release|Any CPU
		{684A7167-95F9-4CFD-A57D-93D97993FD09}.Release|Any CPU.Build.0 = Release|Any CPU
	EndGlobalSection
	GlobalSection(SolutionProperties) = preSolution
		HideSolutionNode = FALSE
	EndGlobalSection
	GlobalSection(ExtensibilityGlobals) = postSolution
		SolutionGuid = {34B7A053-4AFE-42DC-863D-859088CAC308}
	EndGlobalSection
EndGlobal
